
Microsoft Visual Studio Solution File, Format Version 12.00
# Visual Studio 15
VisualStudioVersion = 15.0.27703.2042
MinimumVisualStudioVersion = 10.0.40219.1
Project("{FAE04EC0-301F-11D3-BF4B-00C04F79EFBC}") = "GameCaro", "GameCaro\GameCaro.csproj", "{EA9CAB96-1CB0-40EC-8FC8-A01A573FC801}"
EndProject
Global
	GlobalSection(SolutionConfigurationPlatforms) = preSolution
		Debug|Any CPU = Debug|Any CPU
		Release|Any CPU = Release|Any CPU
	EndGlobalSection
	GlobalSection(ProjectConfigurationPlatforms) = postSolution
		{EA9CAB96-1CB0-40EC-8FC8-A01A573FC801}.Debug|Any CPU.ActiveCfg = Debug|Any CPU
		{EA9CAB96-1CB0-40EC-8FC8-A01A573FC801}.Debug|Any CPU.Build.0 = Debug|Any CPU
		{EA9CAB96-1CB0-40EC-8FC8-A01A573FC801}.Release|Any CPU.ActiveCfg = Release|Any CPU
		{EA9CAB96-1CB0-40EC-8FC8-A01A573FC801}.Release|Any CPU.Build.0 = Release|Any CPU
	EndGlobalSection
	GlobalSection(SolutionProperties) = preSolution
		HideSolutionNode = FALSE
	EndGlobalSection
	GlobalSection(ExtensibilityGlobals) = postSolution
		SolutionGuid = {CC3F8E24-A131-4526-A3B1-D5E475FF4535}
	EndGlobalSection
EndGlobal
